
Microsoft Visual Studio Solution File, Format Version 12.00
# Visual Studio Version 17
VisualStudioVersion = 17.4.33213.308
MinimumVisualStudioVersion = 10.0.40219.1
Project("{FAE04EC0-301F-11D3-BF4B-00C04F79EFBC}") = "Day25Challenge", "Day25Challenge\Day25Challenge.csproj", "{E2E53B73-9C88-4A10-BE10-4B40D4E5D857}"
EndProject
Project("{FAE04EC0-301F-11D3-BF4B-00C04F79EFBC}") = "UnitTestingSNAFU", "UnitTestingSNAFU\UnitTestingSNAFU.csproj", "{78151912-46E2-4824-9062-95F93077FBEF}"
EndProject
Global
	GlobalSection(SolutionConfigurationPlatforms) = preSolution
		Debug|Any CPU = Debug|Any CPU
		Release|Any CPU = Release|Any CPU
	EndGlobalSection
	GlobalSection(ProjectConfigurationPlatforms) = postSolution
		{E2E53B73-9C88-4A10-BE10-4B40D4E5D857}.Debug|Any CPU.ActiveCfg = Debug|Any CPU
		{E2E53B73-9C88-4A10-BE10-4B40D4E5D857}.Debug|Any CPU.Build.0 = Debug|Any CPU
		{E2E53B73-9C88-4A10-BE10-4B40D4E5D857}.Release|Any CPU.ActiveCfg = Release|Any CPU
		{E2E53B73-9C88-4A10-BE10-4B40D4E5D857}.Release|Any CPU.Build.0 = Release|Any CPU
		{78151912-46E2-4824-9062-95F93077FBEF}.Debug|Any CPU.ActiveCfg = Debug|Any CPU
		{78151912-46E2-4824-9062-95F93077FBEF}.Debug|Any CPU.Build.0 = Debug|Any CPU
		{78151912-46E2-4824-9062-95F93077FBEF}.Release|Any CPU.ActiveCfg = Release|Any CPU
		{78151912-46E2-4824-9062-95F93077FBEF}.Release|Any CPU.Build.0 = Release|Any CPU
	EndGlobalSection
	GlobalSection(SolutionProperties) = preSolution
		HideSolutionNode = FALSE
	EndGlobalSection
	GlobalSection(ExtensibilityGlobals) = postSolution
		SolutionGuid = {1481FBCE-A743-4467-AD4A-335BBFB216E2}
	EndGlobalSection
EndGlobal
